{
    "_meta": {
        "hash": {
            "sha256": "00e3cc658f3f31d7843ba96da258d8455033a27f06c5b4a0ee4980e012f4352d"
        },
        "pipfile-spec": 6,
        "requires": {
            "python_version": "3.10.8"
        },
        "sources": [
            {
                "name": "pypi",
                "url": "https://pypi.python.org/simple",
                "verify_ssl": true
            }
        ]
    },
    "default": {},
    "develop": {}
}
